// !$*UTF8*$!
{
	archiveVersion = 1;
	classes = {
	};
	objectVersion = 48;
	objects = {

/* Begin PBXBuildFile section */
		65B0D3361FE78877001AAD5D /* AppDelegate.swift in Sources */ = {isa = PBXBuildFile; fileRef = 65B0D3351FE78877001AAD5D /* AppDelegate.swift */; };
		65B0D3381FE78877001AAD5D /* TodoListViewController.swift in Sources */ = {isa = PBXBuildFile; fileRef = 65B0D3371FE78877001AAD5D /* TodoListViewController.swift */; };
		65B0D33B1FE78877001AAD5D /* Main.storyboard in Resources */ = {isa = PBXBuildFile; fileRef = 65B0D3391FE78877001AAD5D /* Main.storyboard */; };
		65B0D33D1FE78877001AAD5D /* Assets.xcassets in Resources */ = {isa = PBXBuildFile; fileRef = 65B0D33C1FE78877001AAD5D /* Assets.xcassets */; };
		65B0D3401FE78877001AAD5D /* LaunchScreen.storyboard in Resources */ = {isa = PBXBuildFile; fileRef = 65B0D33E1FE78877001AAD5D /* LaunchScreen.storyboard */; };
		65CADB571FEA338C003F63C8 /* myDataModel.swift in Sources */ = {isa = PBXBuildFile; fileRef = 65CADB561FEA338C003F63C8 /* myDataModel.swift */; };
/* End PBXBuildFile section */

/* Begin PBXFileReference section */
		65B0D3321FE78877001AAD5D /* Todoey.app */ = {isa = PBXFileReference; explicitFileType = wrapper.application; includeInIndex = 0; path = Todoey.app; sourceTree = BUILT_PRODUCTS_DIR; };
		65B0D3351FE78877001AAD5D /* AppDelegate.swift */ = {isa = PBXFileReference; lastKnownFileType = sourcecode.swift; path = AppDelegate.swift; sourceTree = "<group>"; };
		65B0D3371FE78877001AAD5D /* TodoListViewController.swift */ = {isa = PBXFileReference; lastKnownFileType = sourcecode.swift; path = TodoListViewController.swift; sourceTree = "<group>"; };
		65B0D33A1FE78877001AAD5D /* Base */ = {isa = PBXFileReference; lastKnownFileType = file.storyboard; name = Base; path = Base.lproj/Main.storyboard; sourceTree = "<group>"; };
		65B0D33C1FE78877001AAD5D /* Assets.xcassets */ = {isa = PBXFileReference; lastKnownFileType = folder.assetcatalog; path = Assets.xcassets; sourceTree = "<group>"; };
		65B0D33F1FE78877001AAD5D /* Base */ = {isa = PBXFileReference; lastKnownFileType = file.storyboard; name = Base; path = Base.lproj/LaunchScreen.storyboard; sourceTree = "<group>"; };
		65B0D3411FE78877001AAD5D /* Info.plist */ = {isa = PBXFileReference; lastKnownFileType = text.plist.xml; path = Info.plist; sourceTree = "<group>"; };
		65CADB561FEA338C003F63C8 /* myDataModel.swift */ = {isa = PBXFileReference; lastKnownFileType = sourcecode.swift; path = myDataModel.swift; sourceTree = "<group>"; };
/* End PBXFileReference section */

/* Begin PBXFrameworksBuildPhase section */
		65B0D32F1FE78877001AAD5D /* Frameworks */ = {
			isa = PBXFrameworksBuildPhase;
			buildActionMask = 2147483647;
			files = (
			);
			runOnlyForDeploymentPostprocessing = 0;
		};
/* End PBXFrameworksBuildPhase section */

/* Begin PBXGroup section */
		65B0D3291FE78877001AAD5D = {
			isa = PBXGroup;
			children = (
				65B0D3341FE78877001AAD5D /* Todoey */,
				65B0D3331FE78877001AAD5D /* Products */,
			);
			sourceTree = "<group>";
		};
		65B0D3331FE78877001AAD5D /* Products */ = {
			isa = PBXGroup;
			children = (
				65B0D3321FE78877001AAD5D /* Todoey.app */,
			);
			name = Products;
			sourceTree = "<group>";
		};
		65B0D3341FE78877001AAD5D /* Todoey */ = {
			isa = PBXGroup;
			children = (
				65CADB5A1FEA3516003F63C8 /* Controller */,
				65CADB581FEA34F6003F63C8 /* DataModel */,
				65CADB591FEA350A003F63C8 /* View */,
				65CADB5B1FEA3522003F63C8 /* Supporting files */,
				65B0D3411FE78877001AAD5D /* Info.plist */,
			);
			path = Todoey;
			sourceTree = "<group>";
		};
		65CADB581FEA34F6003F63C8 /* DataModel */ = {
			isa = PBXGroup;
			children = (
				65CADB561FEA338C003F63C8 /* myDataModel.swift */,
			);
			path = DataModel;
			sourceTree = "<group>";
		};
		65CADB591FEA350A003F63C8 /* View */ = {
			isa = PBXGroup;
			children = (
				65B0D3391FE78877001AAD5D /* Main.storyboard */,
			);
			path = View;
			sourceTree = "<group>";
		};
		65CADB5A1FEA3516003F63C8 /* Controller */ = {
			isa = PBXGroup;
			children = (
				65B0D3351FE78877001AAD5D /* AppDelegate.swift */,
				65B0D3371FE78877001AAD5D /* TodoListViewController.swift */,
			);
			path = Controller;
			sourceTree = "<group>";
		};
		65CADB5B1FEA3522003F63C8 /* Supporting files */ = {
			isa = PBXGroup;
			children = (
				65B0D33C1FE78877001AAD5D /* Assets.xcassets */,
				65B0D33E1FE78877001AAD5D /* LaunchScreen.storyboard */,
			);
			path = "Supporting files";
			sourceTree = "<group>";
		};
/* End PBXGroup section */

/* Begin PBXNativeTarget section */
		65B0D3311FE78877001AAD5D /* Todoey */ = {
			isa = PBXNativeTarget;
			buildConfigurationList = 65B0D3441FE78877001AAD5D /* Build configuration list for PBXNativeTarget "Todoey" */;
			buildPhases = (
				65B0D32E1FE78877001AAD5D /* Sources */,
				65B0D32F1FE78877001AAD5D /* Frameworks */,
				65B0D3301FE78877001AAD5D /* Resources */,
			);
			buildRules = (
			);
			dependencies = (
			);
			name = Todoey;
			productName = Todoey;
			productReference = 65B0D3321FE78877001AAD5D /* Todoey.app */;
			productType = "com.apple.product-type.application";
		};
/* End PBXNativeTarget section */

/* Begin PBXProject section */
		65B0D32A1FE78877001AAD5D /* Project object */ = {
			isa = PBXProject;
			attributes = {
				LastSwiftUpdateCheck = 0920;
				LastUpgradeCheck = 0920;
				ORGANIZATIONNAME = "Jun Miao";
				TargetAttributes = {
					65B0D3311FE78877001AAD5D = {
						CreatedOnToolsVersion = 9.2;
						ProvisioningStyle = Automatic;
					};
				};
			};
			buildConfigurationList = 65B0D32D1FE78877001AAD5D /* Build configuration list for PBXProject "Todoey" */;
			compatibilityVersion = "Xcode 8.0";
			developmentRegion = en;
			hasScannedForEncodings = 0;
			knownRegions = (
				en,
				Base,
			);
			mainGroup = 65B0D3291FE78877001AAD5D;
			productRefGroup = 65B0D3331FE78877001AAD5D /* Products */;
			projectDirPath = "";
			projectRoot = "";
			targets = (
				65B0D3311FE78877001AAD5D /* Todoey */,
			);
		};
/* End PBXProject section */

/* Begin PBXResourcesBuildPhase section */
		65B0D3301FE78877001AAD5D /* Resources */ = {
			isa = PBXResourcesBuildPhase;
			buildActionMask = 2147483647;
			files = (
				65B0D3401FE78877001AAD5D /* LaunchScreen.storyboard in Resources */,
				65B0D33D1FE78877001AAD5D /* Assets.xcassets in Resources */,
				65B0D33B1FE78877001AAD5D /* Main.storyboard in Resources */,
			);
			runOnlyForDeploymentPostprocessing = 0;
		};
/* End PBXResourcesBuildPhase section */

/* Begin PBXSourcesBuildPhase section */
		65B0D32E1FE78877001AAD5D /* Sources */ = {
			isa = PBXSourcesBuildPhase;
			buildActionMask = 2147483647;
			files = (
				65B0D3381FE78877001AAD5D /* TodoListViewController.swift in Sources */,
				65CADB571FEA338C003F63C8 /* myDataModel.swift in Sources */,
				65B0D3361FE78877001AAD5D /* AppDelegate.swift in Sources */,
			);
			runOnlyForDeploymentPostprocessing = 0;
		};
/* End PBXSourcesBuildPhase section */

/* Begin PBXVariantGroup section */
		65B0D3391FE78877001AAD5D /* Main.storyboard */ = {
			isa = PBXVariantGroup;
			children = (
				65B0D33A1FE78877001AAD5D /* Base */,
			);
			name = Main.storyboard;
			sourceTree = "<group>";
		};
		65B0D33E1FE78877001AAD5D /* LaunchScreen.storyboard */ = {
			isa = PBXVariantGroup;
			children = (
				65B0D33F1FE78877001AAD5D /* Base */,
			);
			name = LaunchScreen.storyboard;
			sourceTree = "<group>";
		};
/* End PBXVariantGroup section */

/* Begin XCBuildConfiguration section */
		65B0D3421FE78877001AAD5D /* Debug */ = {
			isa = XCBuildConfiguration;
			buildSettings = {
				ALWAYS_SEARCH_USER_PATHS = NO;
				CLANG_ANALYZER_NONNULL = YES;
				CLANG_ANALYZER_NUMBER_OBJECT_CONVERSION = YES_AGGRESSIVE;
				CLANG_CXX_LANGUAGE_STANDARD = "gnu++14";
				CLANG_CXX_LIBRARY = "libc++";
				CLANG_ENABLE_MODULES = YES;
				CLANG_ENABLE_OBJC_ARC = YES;
				CLANG_WARN_BLOCK_CAPTURE_AUTORELEASING = YES;
				CLANG_WARN_BOOL_CONVERSION = YES;
				CLANG_WARN_COMMA = YES;
				CLANG_WARN_CONSTANT_CONVERSION = YES;
				CLANG_WARN_DIRECT_OBJC_ISA_USAGE = YES_ERROR;
				CLANG_WARN_DOCUMENTATION_COMMENTS = YES;
				CLANG_WARN_EMPTY_BODY = YES;
				CLANG_WARN_ENUM_CONVERSION = YES;
				CLANG_WARN_INFINITE_RECURSION = YES;
				CLANG_WARN_INT_CONVERSION = YES;
				CLANG_WARN_NON_LITERAL_NULL_CONVERSION = YES;
				CLANG_WARN_OBJC_LITERAL_CONVERSION = YES;
				CLANG_WARN_OBJC_ROOT_CLASS = YES_ERROR;
				CLANG_WARN_RANGE_LOOP_ANALYSIS = YES;
				CLANG_WARN_STRICT_PROTOTYPES = YES;
				CLANG_WARN_SUSPICIOUS_MOVE = YES;
				CLANG_WARN_UNGUARDED_AVAILABILITY = YES_AGGRESSIVE;
				CLANG_WARN_UNREACHABLE_CODE = YES;
				CLANG_WARN__DUPLICATE_METHOD_MATCH = YES;
				CODE_SIGN_IDENTITY = "iPhone Developer";
				COPY_PHASE_STRIP = NO;
				DEBUG_INFORMATION_FORMAT = dwarf;
				ENABLE_STRICT_OBJC_MSGSEND = YES;
				ENABLE_TESTABILITY = YES;
				GCC_C_LANGUAGE_STANDARD = gnu11;
				GCC_DYNAMIC_NO_PIC = NO;
				GCC_NO_COMMON_BLOCKS = YES;
				GCC_OPTIMIZATION_LEVEL = 0;
				GCC_PREPROCESSOR_DEFINITIONS = (
					"DEBUG=1",
					"$(inherited)",
				);
				GCC_WARN_64_TO_32_BIT_CONVERSION = YES;
				GCC_WARN_ABOUT_RETURN_TYPE = YES_ERROR;
				GCC_WARN_UNDECLARED_SELECTOR = YES;
				GCC_WARN_UNINITIALIZED_AUTOS = YES_AGGRESSIVE;
				GCC_WARN_UNUSED_FUNCTION = YES;
				GCC_WARN_UNUSED_VARIABLE = YES;
				IPHONEOS_DEPLOYMENT_TARGET = 11.2;
				MTL_ENABLE_DEBUG_INFO = YES;
				ONLY_ACTIVE_ARCH = YES;
				SDKROOT = iphoneos;
				SWIFT_ACTIVE_COMPILATION_CONDITIONS = DEBUG;
				SWIFT_OPTIMIZATION_LEVEL = "-Onone";
			};
			name = Debug;
		};
		65B0D3431FE78877001AAD5D /* Release */ = {
			isa = XCBuildConfiguration;
			buildSettings = {
				ALWAYS_SEARCH_USER_PATHS = NO;
				CLANG_ANALYZER_NONNULL = YES;
				CLANG_ANALYZER_NUMBER_OBJECT_CONVERSION = YES_AGGRESSIVE;
				CLANG_CXX_LANGUAGE_STANDARD = "gnu++14";
				CLANG_CXX_LIBRARY = "libc++";
				CLANG_ENABLE_MODULES = YES;
				CLANG_ENABLE_OBJC_ARC = YES;
				CLANG_WARN_BLOCK_CAPTURE_AUTORELEASING = YES;
				CLANG_WARN_BOOL_CONVERSION = YES;
				CLANG_WARN_COMMA = YES;
				CLANG_WARN_CONSTANT_CONVERSION = YES;
				CLANG_WARN_DIRECT_OBJC_ISA_USAGE = YES_ERROR;
				CLANG_WARN_DOCUMENTATION_COMMENTS = YES;
				CLANG_WARN_EMPTY_BODY = YES;
				CLANG_WARN_ENUM_CONVERSION = YES;
				CLANG_WARN_INFINITE_RECURSION = YES;
				CLANG_WARN_INT_CONVERSION = YES;
				CLANG_WARN_NON_LITERAL_NULL_CONVERSION = YES;
				CLANG_WARN_OBJC_LITERAL_CONVERSION = YES;
				CLANG_WARN_OBJC_ROOT_CLASS = YES_ERROR;
				CLANG_WARN_RANGE_LOOP_ANALYSIS = YES;
				CLANG_WARN_STRICT_PROTOTYPES = YES;
				CLANG_WARN_SUSPICIOUS_MOVE = YES;
				CLANG_WARN_UNGUARDED_AVAILABILITY = YES_AGGRESSIVE;
				CLANG_WARN_UNREACHABLE_CODE = YES;
				CLANG_WARN__DUPLICATE_METHOD_MATCH = YES;
				CODE_SIGN_IDENTITY = "iPhone Developer";
				COPY_PHASE_STRIP = NO;
				DEBUG_INFORMATION_FORMAT = "dwarf-with-dsym";
				ENABLE_NS_ASSERTIONS = NO;
				ENABLE_STRICT_OBJC_MSGSEND = YES;
				GCC_C_LANGUAGE_STANDARD = gnu11;
				GCC_NO_COMMON_BLOCKS = YES;
				GCC_WARN_64_TO_32_BIT_CONVERSION = YES;
				GCC_WARN_ABOUT_RETURN_TYPE = YES_ERROR;
				GCC_WARN_UNDECLARED_SELECTOR = YES;
				GCC_WARN_UNINITIALIZED_AUTOS = YES_AGGRESSIVE;
				GCC_WARN_UNUSED_FUNCTION = YES;
				GCC_WARN_UNUSED_VARIABLE = YES;
				IPHONEOS_DEPLOYMENT_TARGET = 11.2;
				MTL_ENABLE_DEBUG_INFO = NO;
				SDKROOT = iphoneos;
				SWIFT_OPTIMIZATION_LEVEL = "-Owholemodule";
				VALIDATE_PRODUCT = YES;
			};
			name = Release;
		};
		65B0D3451FE78877001AAD5D /* Debug */ = {
			isa = XCBuildConfiguration;
			buildSettings = {
				ASSETCATALOG_COMPILER_APPICON_NAME = AppIcon;
				CODE_SIGN_STYLE = Automatic;
				INFOPLIST_FILE = Todoey/Info.plist;
				LD_RUNPATH_SEARCH_PATHS = "$(inherited) @executable_path/Frameworks";
				PRODUCT_BUNDLE_IDENTIFIER = com.huashengyuan.com.Todoey;
				PRODUCT_NAME = "$(TARGET_NAME)";
				SWIFT_VERSION = 4.0;
				TARGETED_DEVICE_FAMILY = "1,2";
			};
			name = Debug;
		};
		65B0D3461FE78877001AAD5D /* Release */ = {
			isa = XCBuildConfiguration;
			buildSettings = {
				ASSETCATALOG_COMPILER_APPICON_NAME = AppIcon;
				CODE_SIGN_STYLE = Automatic;
				INFOPLIST_FILE = Todoey/Info.plist;
				LD_RUNPATH_SEARCH_PATHS = "$(inherited) @executable_path/Frameworks";
				PRODUCT_BUNDLE_IDENTIFIER = com.huashengyuan.com.Todoey;
				PRODUCT_NAME = "$(TARGET_NAME)";
				SWIFT_VERSION = 4.0;
				TARGETED_DEVICE_FAMILY = "1,2";
			};
			name = Release;
		};
/* End XCBuildConfiguration section */

/* Begin XCConfigurationList section */
		65B0D32D1FE78877001AAD5D /* Build configuration list for PBXProject "Todoey" */ = {
			isa = XCConfigurationList;
			buildConfigurations = (
				65B0D3421FE78877001AAD5D /* Debug */,
				65B0D3431FE78877001AAD5D /* Release */,
			);
			defaultConfigurationIsVisible = 0;
			defaultConfigurationName = Release;
		};
		65B0D3441FE78877001AAD5D /* Build configuration list for PBXNativeTarget "Todoey" */ = {
			isa = XCConfigurationList;
			buildConfigurations = (
				65B0D3451FE78877001AAD5D /* Debug */,
				65B0D3461FE78877001AAD5D /* Release */,
			);
			defaultConfigurationIsVisible = 0;
			defaultConfigurationName = Release;
		};
/* End XCConfigurationList section */
	};
	rootObject = 65B0D32A1FE78877001AAD5D /* Project object */;
}
